
Microsoft Visual Studio Solution File, Format Version 12.00
# Visual Studio Version 16
VisualStudioVersion = 16.0.29613.14
MinimumVisualStudioVersion = 10.0.40219.1
Project("{FAE04EC0-301F-11D3-BF4B-00C04F79EFBC}") = "SchoolLibrary", "SchoolLibrary\SchoolLibrary.csproj", "{ADBA546C-24C3-461D-AEA6-E7FFF1DB5BF9}"
EndProject
Global
	GlobalSection(SolutionConfigurationPlatforms) = preSolution
		Debug|Any CPU = Debug|Any CPU
		Release|Any CPU = Release|Any CPU
	EndGlobalSection
	GlobalSection(ProjectConfigurationPlatforms) = postSolution
		{ADBA546C-24C3-461D-AEA6-E7FFF1DB5BF9}.Debug|Any CPU.ActiveCfg = Debug|Any CPU
		{ADBA546C-24C3-461D-AEA6-E7FFF1DB5BF9}.Debug|Any CPU.Build.0 = Debug|Any CPU
		{ADBA546C-24C3-461D-AEA6-E7FFF1DB5BF9}.Release|Any CPU.ActiveCfg = Release|Any CPU
		{ADBA546C-24C3-461D-AEA6-E7FFF1DB5BF9}.Release|Any CPU.Build.0 = Release|Any CPU
	EndGlobalSection
	GlobalSection(SolutionProperties) = preSolution
		HideSolutionNode = FALSE
	EndGlobalSection
	GlobalSection(ExtensibilityGlobals) = postSolution
		SolutionGuid = {74EDFEB7-8C86-4D4A-8CF8-0EC3A33A299A}
	EndGlobalSection
EndGlobal
